{
  "name": "Domestic-Solar-Window-Reflector-Design-Tool",
  "lockfileVersion": 3,
  "requires": true,
  "packages": {
    "": {
      "dependencies": {
        "three": "^0.150.1"
      }
    },
    "node_modules/three": {
      "version": "0.150.1",
      "resolved": "https://registry.npmjs.org/three/-/three-0.150.1.tgz",
      "integrity": "sha512-5C1MqKUWaHYo13BX0Q64qcdwImgnnjSOFgBscOzAo8MYCzEtqfQqorEKMcajnA3FHy1yVlIe9AmaMQ0OQracNA=="
    }
  }
}
